<?xml version="1.0" encoding="utf-8"?>
<Project ToolsVersion="4.0" xmlns="http://schemas.microsoft.com/developer/msbuild/2003">
  <ItemGroup>
    <Filter Include="Source Files">
      <UniqueIdentifier>{4FC737F1-C7A5-4376-A066-2A32D752A2FF}</UniqueIdentifier>
      <Extensions>cpp;c;cc;cxx;def;odl;idl;hpj;bat;asm;asmx</Extensions>
    </Filter>
    <Filter Include="Header Files">
      <UniqueIdentifier>{93995380-89BD-4b04-88EB-625FBE52EBFB}</UniqueIdentifier>
      <Extensions>h;hh;hpp;hxx;hm;inl;inc;xsd</Extensions>
    </Filter>
    <Filter Include="Resource Files">
      <UniqueIdentifier>{67DA6AB6-F800-4c08-8B7A-83BB121AAD01}</UniqueIdentifier>
      <Extensions>qrc;rc;ico;cur;bmp;dlg;rc2;rct;bin;rgs;gif;jpg;jpeg;jpe;resx;tiff;tif;png;wav;mfcribbon-ms</Extensions>
    </Filter>
    <Filter Include="Translation Files">
      <UniqueIdentifier>{639EADAA-A684-42e4-A9AD-28FC9BCB8F7C}</UniqueIdentifier>
      <Extensions>ts</Extensions>
    </Filter>
  </ItemGroup>
  <ItemGroup>
    <ClCompile Include="main.cpp">
      <Filter>Source Files</Filter>
    </ClCompile>
    <ClCompile Include="mail.cpp">
      <Filter>Source Files</Filter>
    </ClCompile>
    <ClCompile Include="security.cpp">
      <Filter>Source Files</Filter>
    </ClCompile>
    <ClCompile Include="user.cpp">
      <Filter>Source Files</Filter>
    </ClCompile>
    <ClCompile Include="database.cpp">
      <Filter>Source Files</Filter>
    </ClCompile>
    <ClCompile Include="securitySysteme.cpp">
      <Filter>Source Files</Filter>
    </ClCompile>
    <ClCompile Include="continuity.cpp">
      <Filter>Source Files</Filter>
    </ClCompile>
    <ClCompile Include="sensor.cpp">
      <Filter>Source Files</Filter>
    </ClCompile>
    <ClCompile Include="presence.cpp">
      <Filter>Source Files</Filter>
    </ClCompile>
    <ClCompile Include="tamper.cpp">
      <Filter>Source Files</Filter>
    </ClCompile>
    <ClCompile Include="PCI_7248_Card.cpp">
      <Filter>Source Files</Filter>
    </ClCompile>
    <ClCompile Include="lib\ConsoleTableLib\ConsoleTable.cpp">
      <Filter>Source Files</Filter>
    </ClCompile>
    <ClCompile Include="lib\ConsoleTableLib\ConsoleTableRow.cpp">
      <Filter>Source Files</Filter>
    </ClCompile>
    <ClCompile Include="lib\ConsoleTableLib\ConsoleTableUtils.cpp">
      <Filter>Source Files</Filter>
    </ClCompile>
    <ClCompile Include="ReaderCard.cpp">
      <Filter>Source Files</Filter>
    </ClCompile>
    <ClCompile Include="webServer.cpp">
      <Filter>Source Files</Filter>
    </ClCompile>
    <ClCompile Include="timeSlot.cpp">
      <Filter>Source Files</Filter>
    </ClCompile>
    <ClCompile Include="SystemData.cpp">
      <Filter>Source Files</Filter>
    </ClCompile>
    <ClCompile Include="CheckRFIDUserOperation.cpp">
      <Filter>Source Files</Filter>
    </ClCompile>
    <ClCompile Include="SensorStateChangedOperation.cpp">
      <Filter>Source Files</Filter>
    </ClCompile>
    <ClCompile Include="CheckUserCredentialsOperation.cpp">
      <Filter>Source Files</Filter>
    </ClCompile>
    <ClCompile Include="SendAuthResultOperation.cpp">
      <Filter>Source Files</Filter>
    </ClCompile>
    <ClCompile Include="AddHistoOperation.cpp">
      <Filter>Source Files</Filter>
    </ClCompile>
    <ClCompile Include="ActiveActuatorOperation.cpp">
      <Filter>Source Files</Filter>
    </ClCompile>
    <ClCompile Include="SelectHistoOperation.cpp">
      <Filter>Source Files</Filter>
    </ClCompile>
    <ClCompile Include="SendHistoResultOperation.cpp">
      <Filter>Source Files</Filter>
    </ClCompile>
    <ClCompile Include="SelectUserOperation.cpp">
      <Filter>Source Files</Filter>
    </ClCompile>
    <ClCompile Include="SendUserResultOperation.cpp">
      <Filter>Source Files</Filter>
    </ClCompile>
    <ClCompile Include="ManageUserOperation.cpp">
      <Filter>Source Files</Filter>
    </ClCompile>
    <ClCompile Include="ConfigData.cpp">
      <Filter>Source Files</Filter>
    </ClCompile>
    <ClCompile Include="Operation.cpp">
      <Filter>Source Files</Filter>
    </ClCompile>
  </ItemGroup>
  <ItemGroup>
    <ClInclude Include="mail.h">
      <Filter>Header Files</Filter>
    </ClInclude>
    <ClInclude Include="user.h">
      <Filter>Header Files</Filter>
    </ClInclude>
    <ClInclude Include="database.h">
      <Filter>Header Files</Filter>
    </ClInclude>
    <ClInclude Include="security.h">
      <Filter>Header Files</Filter>
    </ClInclude>
    <ClInclude Include="continuity.h">
      <Filter>Header Files</Filter>
    </ClInclude>
    <ClInclude Include="sensor.h">
      <Filter>Header Files</Filter>
    </ClInclude>
    <ClInclude Include="tamper.h">
      <Filter>Header Files</Filter>
    </ClInclude>
    <ClInclude Include="presence.h">
      <Filter>Header Files</Filter>
    </ClInclude>
    <ClInclude Include="DAQHeader.h">
      <Filter>Header Files</Filter>
    </ClInclude>
    <ClInclude Include="Dask.h">
      <Filter>Header Files</Filter>
    </ClInclude>
    <ClInclude Include="PCI_7248_Card.h">
      <Filter>Header Files</Filter>
    </ClInclude>
    <ClInclude Include="lib\ConsoleTableLib\ConsoleTable.h">
      <Filter>Header Files</Filter>
    </ClInclude>
    <ClInclude Include="lib\ConsoleTableLib\ConsoleTableRow.h">
      <Filter>Header Files</Filter>
    </ClInclude>
    <ClInclude Include="lib\ConsoleTableLib\ConsoleTableUtils.h">
      <Filter>Header Files</Filter>
    </ClInclude>
    <ClInclude Include="lib\text_color-lib\text_color.h">
      <Filter>Header Files</Filter>
    </ClInclude>
    <ClInclude Include="timeSlot.h">
      <Filter>Header Files</Filter>
    </ClInclude>
    <ClInclude Include="SystemData.h">
      <Filter>Header Files</Filter>
    </ClInclude>
    <ClInclude Include="CheckRFIDUserOperation.h">
      <Filter>Header Files</Filter>
    </ClInclude>
    <ClInclude Include="SensorStateChangedOperation.h">
      <Filter>Header Files</Filter>
    </ClInclude>
    <ClInclude Include="CheckUserCredentialsOperation.h">
      <Filter>Header Files</Filter>
    </ClInclude>
    <ClInclude Include="Operation.h">
      <Filter>Header Files</Filter>
    </ClInclude>
    <ClInclude Include="SendAuthResultOperation.h">
      <Filter>Header Files</Filter>
    </ClInclude>
    <ClInclude Include="AddHistoOperation.h">
      <Filter>Header Files</Filter>
    </ClInclude>
    <ClInclude Include="ActiveActuatorOperation.h">
      <Filter>Header Files</Filter>
    </ClInclude>
    <ClInclude Include="SelectHistoOperation.h">
      <Filter>Header Files</Filter>
    </ClInclude>
    <ClInclude Include="SendHistoResultOperation.h">
      <Filter>Header Files</Filter>
    </ClInclude>
    <ClInclude Include="SelectUserOperation.h">
      <Filter>Header Files</Filter>
    </ClInclude>
    <ClInclude Include="SendUserResultOperation.h">
      <Filter>Header Files</Filter>
    </ClInclude>
    <ClInclude Include="ManageUserOperation.h">
      <Filter>Header Files</Filter>
    </ClInclude>
    <ClInclude Include="ConfigData.h">
      <Filter>Header Files</Filter>
    </ClInclude>
  </ItemGroup>
  <ItemGroup>
    <QtMoc Include="securitySysteme.h">
      <Filter>Header Files</Filter>
    </QtMoc>
    <QtMoc Include="ReaderCard.h">
      <Filter>Header Files</Filter>
    </QtMoc>
    <QtMoc Include="webServer.h">
      <Filter>Header Files</Filter>
    </QtMoc>
  </ItemGroup>
  <ItemGroup>
    <None Include="config.ini" />
    <None Include="lib\ufr-lib\windows\uwp\PCI-Dask64.dll">
      <Filter>Translation Files</Filter>
    </None>
    <None Include="uFCoder-x86_64.dll">
      <Filter>Translation Files</Filter>
    </None>
  </ItemGroup>
  <ItemGroup>
    <Library Include="lib\ufr-lib\windows\uwp\PCI-Dask64.lib">
      <Filter>Translation Files</Filter>
    </Library>
    <Library Include="uFCoder-x86_64.lib">
      <Filter>Translation Files</Filter>
    </Library>
  </ItemGroup>
</Project>